
Microsoft Visual Studio Solution File, Format Version 12.00
# Visual Studio Version 16
VisualStudioVersion = 16.0.35130.168
MinimumVisualStudioVersion = 10.0.40219.1
Project("{FAE04EC0-301F-11D3-BF4B-00C04F79EFBC}") = "my-books", "my-books\my-books.csproj", "{D3CAC6CC-1F73-46EE-B70A-5163DE64BD40}"
EndProject
Global
	GlobalSection(SolutionConfigurationPlatforms) = preSolution
		Debug|Any CPU = Debug|Any CPU
		Release|Any CPU = Release|Any CPU
	EndGlobalSection
	GlobalSection(ProjectConfigurationPlatforms) = postSolution
		{D3CAC6CC-1F73-46EE-B70A-5163DE64BD40}.Debug|Any CPU.ActiveCfg = Debug|Any CPU
		{D3CAC6CC-1F73-46EE-B70A-5163DE64BD40}.Debug|Any CPU.Build.0 = Debug|Any CPU
		{D3CAC6CC-1F73-46EE-B70A-5163DE64BD40}.Release|Any CPU.ActiveCfg = Release|Any CPU
		{D3CAC6CC-1F73-46EE-B70A-5163DE64BD40}.Release|Any CPU.Build.0 = Release|Any CPU
	EndGlobalSection
	GlobalSection(SolutionProperties) = preSolution
		HideSolutionNode = FALSE
	EndGlobalSection
	GlobalSection(ExtensibilityGlobals) = postSolution
		SolutionGuid = {3D66B0FD-4D8E-4F31-99ED-F8E33058A3DA}
	EndGlobalSection
EndGlobal
